
Microsoft Visual Studio Solution File, Format Version 12.00
# Visual Studio Version 17
VisualStudioVersion = 17.4.33213.308
MinimumVisualStudioVersion = 10.0.40219.1
Project("{FAE04EC0-301F-11D3-BF4B-00C04F79EFBC}") = "KT_IMAPClient", "KT_IMAPClient.csproj", "{4CDAE267-ABB3-4678-862A-10048B3939DF}"
EndProject
Global
	GlobalSection(SolutionConfigurationPlatforms) = preSolution
		Debug|Any CPU = Debug|Any CPU
		Release|Any CPU = Release|Any CPU
	EndGlobalSection
	GlobalSection(ProjectConfigurationPlatforms) = postSolution
		{4CDAE267-ABB3-4678-862A-10048B3939DF}.Debug|Any CPU.ActiveCfg = Debug|Any CPU
		{4CDAE267-ABB3-4678-862A-10048B3939DF}.Debug|Any CPU.Build.0 = Debug|Any CPU
		{4CDAE267-ABB3-4678-862A-10048B3939DF}.Release|Any CPU.ActiveCfg = Release|Any CPU
		{4CDAE267-ABB3-4678-862A-10048B3939DF}.Release|Any CPU.Build.0 = Release|Any CPU
	EndGlobalSection
	GlobalSection(SolutionProperties) = preSolution
		HideSolutionNode = FALSE
	EndGlobalSection
	GlobalSection(ExtensibilityGlobals) = postSolution
		SolutionGuid = {AD4C70F6-8B5E-49D0-B53F-6B2B74A38CA0}
	EndGlobalSection
EndGlobal
