
Microsoft Visual Studio Solution File, Format Version 12.00
# Visual Studio Version 17
VisualStudioVersion = 17.4.33213.308
MinimumVisualStudioVersion = 10.0.40219.1
Project("{FAE04EC0-301F-11D3-BF4B-00C04F79EFBC}") = "KT_IMAPClient", "KT_IMAPClient.csproj", "{F0BFE0B6-9988-484F-8310-2835EAB8503A}"
EndProject
Global
	GlobalSection(SolutionConfigurationPlatforms) = preSolution
		Debug|Any CPU = Debug|Any CPU
		Release|Any CPU = Release|Any CPU
	EndGlobalSection
	GlobalSection(ProjectConfigurationPlatforms) = postSolution
		{F0BFE0B6-9988-484F-8310-2835EAB8503A}.Debug|Any CPU.ActiveCfg = Debug|Any CPU
		{F0BFE0B6-9988-484F-8310-2835EAB8503A}.Debug|Any CPU.Build.0 = Debug|Any CPU
		{F0BFE0B6-9988-484F-8310-2835EAB8503A}.Release|Any CPU.ActiveCfg = Release|Any CPU
		{F0BFE0B6-9988-484F-8310-2835EAB8503A}.Release|Any CPU.Build.0 = Release|Any CPU
	EndGlobalSection
	GlobalSection(SolutionProperties) = preSolution
		HideSolutionNode = FALSE
	EndGlobalSection
	GlobalSection(ExtensibilityGlobals) = postSolution
		SolutionGuid = {A58110D2-3C8A-41F4-A008-9DF15D450710}
	EndGlobalSection
EndGlobal
